# This file is generated by running "yarn install" inside your project.
# Manual changes might be lost - proceed with caution!

__metadata:
  version: 6
  cacheKey: 8

"@codexteam/icons@workspace:.":
  version: 0.0.0-use.local
  resolution: "@codexteam/icons@workspace:."
  dependencies:
    svgo: ^2.8.0
  languageName: unknown
  linkType: soft

"@trysound/sax@npm:0.2.0":
  version: 0.2.0
  resolution: "@trysound/sax@npm:0.2.0"
  checksum: 11226c39b52b391719a2a92e10183e4260d9651f86edced166da1d95f39a0a1eaa470e44d14ac685ccd6d3df7e2002433782872c0feeb260d61e80f21250e65c
  languageName: node
  linkType: hard

"boolbase@npm:^1.0.0":
  version: 1.0.0
  resolution: "boolbase@npm:1.0.0"
  checksum: 3e25c80ef626c3a3487c73dbfc70ac322ec830666c9ad915d11b701142fab25ec1e63eff2c450c74347acfd2de854ccde865cd79ef4db1683f7c7b046ea43bb0
  languageName: node
  linkType: hard

"commander@npm:^7.2.0":
  version: 7.2.0
  resolution: "commander@npm:7.2.0"
  checksum: 53501cbeee61d5157546c0bef0fedb6cdfc763a882136284bed9a07225f09a14b82d2a84e7637edfd1a679fb35ed9502fd58ef1d091e6287f60d790147f68ddc
  languageName: node
  linkType: hard

"css-select@npm:^4.1.3":
  version: 4.3.0
  resolution: "css-select@npm:4.3.0"
  dependencies:
    boolbase: ^1.0.0
    css-what: ^6.0.1
    domhandler: ^4.3.1
    domutils: ^2.8.0
    nth-check: ^2.0.1
  checksum: d6202736839194dd7f910320032e7cfc40372f025e4bf21ca5bf6eb0a33264f322f50ba9c0adc35dadd342d3d6fae5ca244779a4873afbfa76561e343f2058e0
  languageName: node
  linkType: hard

"css-tree@npm:^1.1.2, css-tree@npm:^1.1.3":
  version: 1.1.3
  resolution: "css-tree@npm:1.1.3"
  dependencies:
    mdn-data: 2.0.14
    source-map: ^0.6.1
  checksum: 79f9b81803991b6977b7fcb1588799270438274d89066ce08f117f5cdb5e20019b446d766c61506dd772c839df84caa16042d6076f20c97187f5abe3b50e7d1f
  languageName: node
  linkType: hard

"css-what@npm:^6.0.1":
  version: 6.1.0
  resolution: "css-what@npm:6.1.0"
  checksum: b975e547e1e90b79625918f84e67db5d33d896e6de846c9b584094e529f0c63e2ab85ee33b9daffd05bff3a146a1916bec664e18bb76dd5f66cbff9fc13b2bbe
  languageName: node
  linkType: hard

"csso@npm:^4.2.0":
  version: 4.2.0
  resolution: "csso@npm:4.2.0"
  dependencies:
    css-tree: ^1.1.2
  checksum: 380ba9663da3bcea58dee358a0d8c4468bb6539be3c439dc266ac41c047217f52fd698fb7e4b6b6ccdfb8cf53ef4ceed8cc8ceccb8dfca2aa628319826b5b998
  languageName: node
  linkType: hard

"dom-serializer@npm:^1.0.1":
  version: 1.4.1
  resolution: "dom-serializer@npm:1.4.1"
  dependencies:
    domelementtype: ^2.0.1
    domhandler: ^4.2.0
    entities: ^2.0.0
  checksum: fbb0b01f87a8a2d18e6e5a388ad0f7ec4a5c05c06d219377da1abc7bb0f674d804f4a8a94e3f71ff15f6cb7dcfc75704a54b261db672b9b3ab03da6b758b0b22
  languageName: node
  linkType: hard

"domelementtype@npm:^2.0.1, domelementtype@npm:^2.2.0":
  version: 2.3.0
  resolution: "domelementtype@npm:2.3.0"
  checksum: ee837a318ff702622f383409d1f5b25dd1024b692ef64d3096ff702e26339f8e345820f29a68bcdcea8cfee3531776b3382651232fbeae95612d6f0a75efb4f6
  languageName: node
  linkType: hard

"domhandler@npm:^4.2.0, domhandler@npm:^4.3.1":
  version: 4.3.1
  resolution: "domhandler@npm:4.3.1"
  dependencies:
    domelementtype: ^2.2.0
  checksum: 4c665ceed016e1911bf7d1dadc09dc888090b64dee7851cccd2fcf5442747ec39c647bb1cb8c8919f8bbdd0f0c625a6bafeeed4b2d656bbecdbae893f43ffaaa
  languageName: node
  linkType: hard

"domutils@npm:^2.8.0":
  version: 2.8.0
  resolution: "domutils@npm:2.8.0"
  dependencies:
    dom-serializer: ^1.0.1
    domelementtype: ^2.2.0
    domhandler: ^4.2.0
  checksum: abf7434315283e9aadc2a24bac0e00eab07ae4313b40cc239f89d84d7315ebdfd2fb1b5bf750a96bc1b4403d7237c7b2ebf60459be394d625ead4ca89b934391
  languageName: node
  linkType: hard

"entities@npm:^2.0.0":
  version: 2.2.0
  resolution: "entities@npm:2.2.0"
  checksum: 19010dacaf0912c895ea262b4f6128574f9ccf8d4b3b65c7e8334ad0079b3706376360e28d8843ff50a78aabcb8f08f0a32dbfacdc77e47ed77ca08b713669b3
  languageName: node
  linkType: hard

"mdn-data@npm:2.0.14":
  version: 2.0.14
  resolution: "mdn-data@npm:2.0.14"
  checksum: 9d0128ed425a89f4cba8f787dca27ad9408b5cb1b220af2d938e2a0629d17d879a34d2cb19318bdb26c3f14c77dd5dfbae67211f5caaf07b61b1f2c5c8c7dc16
  languageName: node
  linkType: hard

"nth-check@npm:^2.0.1":
  version: 2.1.1
  resolution: "nth-check@npm:2.1.1"
  dependencies:
    boolbase: ^1.0.0
  checksum: 5afc3dafcd1573b08877ca8e6148c52abd565f1d06b1eb08caf982e3fa289a82f2cae697ffb55b5021e146d60443f1590a5d6b944844e944714a5b549675bcd3
  languageName: node
  linkType: hard

"picocolors@npm:^1.0.0":
  version: 1.0.0
  resolution: "picocolors@npm:1.0.0"
  checksum: a2e8092dd86c8396bdba9f2b5481032848525b3dc295ce9b57896f931e63fc16f79805144321f72976383fc249584672a75cc18d6777c6b757603f372f745981
  languageName: node
  linkType: hard

"source-map@npm:^0.6.1":
  version: 0.6.1
  resolution: "source-map@npm:0.6.1"
  checksum: 59ce8640cf3f3124f64ac289012c2b8bd377c238e316fb323ea22fbfe83da07d81e000071d7242cad7a23cd91c7de98e4df8830ec3f133cb6133a5f6e9f67bc2
  languageName: node
  linkType: hard

"stable@npm:^0.1.8":
  version: 0.1.8
  resolution: "stable@npm:0.1.8"
  checksum: 2ff482bb100285d16dd75cd8f7c60ab652570e8952c0bfa91828a2b5f646a0ff533f14596ea4eabd48bb7f4aeea408dce8f8515812b975d958a4cc4fa6b9dfeb
  languageName: node
  linkType: hard

"svgo@npm:^2.8.0":
  version: 2.8.0
  resolution: "svgo@npm:2.8.0"
  dependencies:
    "@trysound/sax": 0.2.0
    commander: ^7.2.0
    css-select: ^4.1.3
    css-tree: ^1.1.3
    csso: ^4.2.0
    picocolors: ^1.0.0
    stable: ^0.1.8
  bin:
    svgo: bin/svgo
  checksum: b92f71a8541468ffd0b81b8cdb36b1e242eea320bf3c1a9b2c8809945853e9d8c80c19744267eb91cabf06ae9d5fff3592d677df85a31be4ed59ff78534fa420
  languageName: node
  linkType: hard
